
Microsoft Visual Studio Solution File, Format Version 11.00
# Visual Studio 2010
Project("{FAE04EC0-301F-11D3-BF4B-00C04F79EFBC}") = "quasar", "QuasarVM\quasar.csproj", "{99D8CA0A-483D-4226-9A66-10996D872063}"
EndProject
Global
	GlobalSection(SolutionConfigurationPlatforms) = preSolution
		Debug|x86 = Debug|x86
		Release|x86 = Release|x86
	EndGlobalSection
	GlobalSection(ProjectConfigurationPlatforms) = postSolution
		{99D8CA0A-483D-4226-9A66-10996D872063}.Debug|x86.ActiveCfg = Debug|x86
		{99D8CA0A-483D-4226-9A66-10996D872063}.Debug|x86.Build.0 = Debug|x86
		{99D8CA0A-483D-4226-9A66-10996D872063}.Release|x86.ActiveCfg = Release|x86
		{99D8CA0A-483D-4226-9A66-10996D872063}.Release|x86.Build.0 = Release|x86
	EndGlobalSection
	GlobalSection(MonoDevelopProperties) = preSolution
		StartupItem = QuasarVM\quasar.csproj
	EndGlobalSection
EndGlobal
